// !$*UTF8*$!
{
	archiveVersion = 1;
	classes = {
	};
	objectVersion = 46;
	objects = {

/* Begin PBXBuildFile section */
		1529086B1927C05B00206767 /* .travis.yml in Resources */ = {isa = PBXBuildFile; fileRef = 1529086A1927C05B00206767 /* .travis.yml */; };
		1536BFF718EBA92400B67C5C /* Images.xcassets in Resources */ = {isa = PBXBuildFile; fileRef = 1536BFF618EBA92400B67C5C /* Images.xcassets */; };
		1540FA3518ECF66B00334A5C /* download.icns in Resources */ = {isa = PBXBuildFile; fileRef = 1540FA3418ECF66B00334A5C /* download.icns */; };
		1570BA3618EE0A66001C3C5C /* BPHomebrewManager.m in Sources */ = {isa = PBXBuildFile; fileRef = 1570BA3518EE0A66001C3C5C /* BPHomebrewManager.m */; };
		1570BA5618EE50BD001C3C5C /* BPFormula.m in Sources */ = {isa = PBXBuildFile; fileRef = 1570BA5518EE50BD001C3C5C /* BPFormula.m */; };
		158370B918F2471500176C9C /* PXSourceList.framework in Frameworks */ = {isa = PBXBuildFile; fileRef = 158370B818F2471500176C9C /* PXSourceList.framework */; };
		158370BA18F2472100176C9C /* PXSourceList.framework in CopyFiles */ = {isa = PBXBuildFile; fileRef = 158370B818F2471500176C9C /* PXSourceList.framework */; settings = {ATTRIBUTES = (CodeSignOnCopy, ); }; };
		15B23A2918F4F21E00714212 /* Sparkle.framework in Frameworks */ = {isa = PBXBuildFile; fileRef = 15B23A2818F4F21E00714212 /* Sparkle.framework */; };
		15B23A2A18F4F22400714212 /* Sparkle.framework in CopyFiles */ = {isa = PBXBuildFile; fileRef = 15B23A2818F4F21E00714212 /* Sparkle.framework */; settings = {ATTRIBUTES = (CodeSignOnCopy, ); }; };
		15B23A2C18F5003600714212 /* dsa_pub.pem in Resources */ = {isa = PBXBuildFile; fileRef = 15B23A2B18F5003600714212 /* dsa_pub.pem */; };
		15C34CBF19512DE100B92E36 /* BPAutoScrollTextView.m in Sources */ = {isa = PBXBuildFile; fileRef = 15C34CBE19512DE100B92E36 /* BPAutoScrollTextView.m */; };
		15CEFC631AB335B2005CF54A /* BPLoadingView.m in Sources */ = {isa = PBXBuildFile; fileRef = 15CEFC621AB335B2005CF54A /* BPLoadingView.m */; };
		15D28A121AE1BD27005C8A3E /* BPTimedDispatch.m in Sources */ = {isa = PBXBuildFile; fileRef = 15D28A111AE1BD27005C8A3E /* BPTimedDispatch.m */; };
		15D28A141AE332DB005C8A3E /* DCOAboutWindow.xib in Resources */ = {isa = PBXBuildFile; fileRef = 15D28A161AE332DB005C8A3E /* DCOAboutWindow.xib */; };
		15D28A171AE332E6005C8A3E /* BPDoctorView.xib in Resources */ = {isa = PBXBuildFile; fileRef = 15D28A191AE332E6005C8A3E /* BPDoctorView.xib */; };
		15D28A1A1AE332EA005C8A3E /* BPFormulaOptionsWindow.xib in Resources */ = {isa = PBXBuildFile; fileRef = 15D28A1C1AE332EA005C8A3E /* BPFormulaOptionsWindow.xib */; };
		15D28A1D1AE332EF005C8A3E /* BPFormulaPopoverView.xib in Resources */ = {isa = PBXBuildFile; fileRef = 15D28A1F1AE332EF005C8A3E /* BPFormulaPopoverView.xib */; };
		15D28A201AE332F4005C8A3E /* BPInstallationWindow.xib in Resources */ = {isa = PBXBuildFile; fileRef = 15D28A221AE332F4005C8A3E /* BPInstallationWindow.xib */; };
		15D28A231AE332F9005C8A3E /* BPPreferencesWindow.xib in Resources */ = {isa = PBXBuildFile; fileRef = 15D28A251AE332F9005C8A3E /* BPPreferencesWindow.xib */; };
		15D28A261AE332FD005C8A3E /* BPSelectedFormula.xib in Resources */ = {isa = PBXBuildFile; fileRef = 15D28A281AE332FD005C8A3E /* BPSelectedFormula.xib */; };
		15D28A291AE33301005C8A3E /* BPUpdateView.xib in Resources */ = {isa = PBXBuildFile; fileRef = 15D28A2B1AE33301005C8A3E /* BPUpdateView.xib */; };
		15D28A2E1AE33453005C8A3E /* Localizable.strings in Resources */ = {isa = PBXBuildFile; fileRef = 15D28A301AE33453005C8A3E /* Localizable.strings */; };
		15D2CFA218F1E71800B6D9F1 /* reload.icns in Resources */ = {isa = PBXBuildFile; fileRef = 15D2CFA118F1E71800B6D9F1 /* reload.icns */; };
		15D2CFA418F1EAD200B6D9F1 /* globe.icns in Resources */ = {isa = PBXBuildFile; fileRef = 15D2CFA318F1EAD200B6D9F1 /* globe.icns */; };
		15D2CFAB18F202B300B6D9F1 /* DCOAboutWindowController.m in Sources */ = {isa = PBXBuildFile; fileRef = 15D2CFA918F202B300B6D9F1 /* DCOAboutWindowController.m */; };
		15D2CFAD18F202D000B6D9F1 /* QuartzCore.framework in Frameworks */ = {isa = PBXBuildFile; fileRef = 15D2CFAC18F202D000B6D9F1 /* QuartzCore.framework */; };
		15D2CFB818F206DF00B6D9F1 /* README.md in Resources */ = {isa = PBXBuildFile; fileRef = 15D2CFB718F206DF00B6D9F1 /* README.md */; };
		15D2CFBA18F20A8200B6D9F1 /* LICENSE in Resources */ = {isa = PBXBuildFile; fileRef = 15D2CFB918F20A8200B6D9F1 /* LICENSE */; };
		15D5BEF118EBB3FB001DDED7 /* delete.icns in Resources */ = {isa = PBXBuildFile; fileRef = 15D5BEEE18EBB3FB001DDED7 /* delete.icns */; };
		15D5BEF218EBB3FB001DDED7 /* label.icns in Resources */ = {isa = PBXBuildFile; fileRef = 15D5BEEF18EBB3FB001DDED7 /* label.icns */; };
		15D5BEF318EBB3FB001DDED7 /* plus.icns in Resources */ = {isa = PBXBuildFile; fileRef = 15D5BEF018EBB3FB001DDED7 /* plus.icns */; };
		15D5BEF518EBB430001DDED7 /* search.icns in Resources */ = {isa = PBXBuildFile; fileRef = 15D5BEF418EBB430001DDED7 /* search.icns */; };
		15D5BEFA18EBC56E001DDED7 /* DMSplitView.m in Sources */ = {isa = PBXBuildFile; fileRef = 15D5BEF918EBC56E001DDED7 /* DMSplitView.m */; };
		1FE4FE59148E4CDD008EDE8B /* Cocoa.framework in Frameworks */ = {isa = PBXBuildFile; fileRef = 1FE4FE58148E4CDD008EDE8B /* Cocoa.framework */; };
		1FE4FE63148E4CDD008EDE8B /* InfoPlist.strings in Resources */ = {isa = PBXBuildFile; fileRef = 1FE4FE61148E4CDD008EDE8B /* InfoPlist.strings */; };
		1FE4FE65148E4CDD008EDE8B /* main.m in Sources */ = {isa = PBXBuildFile; fileRef = 1FE4FE64148E4CDD008EDE8B /* main.m */; };
		1FE4FE69148E4CDD008EDE8B /* Credits.rtf in Resources */ = {isa = PBXBuildFile; fileRef = 1FE4FE67148E4CDD008EDE8B /* Credits.rtf */; };
		1FE4FE6C148E4CDD008EDE8B /* BPAppDelegate.m in Sources */ = {isa = PBXBuildFile; fileRef = 1FE4FE6B148E4CDD008EDE8B /* BPAppDelegate.m */; };
		1FE4FE6F148E4CDD008EDE8B /* MainMenu.xib in Resources */ = {isa = PBXBuildFile; fileRef = 1FE4FE6D148E4CDD008EDE8B /* MainMenu.xib */; };
		1FE4FE77148E4D43008EDE8B /* BPHomebrewInterface.m in Sources */ = {isa = PBXBuildFile; fileRef = 1FE4FE76148E4D43008EDE8B /* BPHomebrewInterface.m */; };
		1FE4FE7A148E5FEB008EDE8B /* BPHomebrewViewController.m in Sources */ = {isa = PBXBuildFile; fileRef = 1FE4FE79148E5FEB008EDE8B /* BPHomebrewViewController.m */; };
		D26F6E7F19B8608B00F616C1 /* NSFont+Appearance.m in Sources */ = {isa = PBXBuildFile; fileRef = D26F6E7E19B8608B00F616C1 /* NSFont+Appearance.m */; };
		D2B3A39B19B879CD00DE23B5 /* BPDoctorViewController.m in Sources */ = {isa = PBXBuildFile; fileRef = D2B3A39819B879CD00DE23B5 /* BPDoctorViewController.m */; };
		D2B3A39C19B879CD00DE23B5 /* BPUpdateViewController.m in Sources */ = {isa = PBXBuildFile; fileRef = D2B3A39A19B879CD00DE23B5 /* BPUpdateViewController.m */; };
		D2B3A3AA19B9CBEC00DE23B5 /* BPFormulaeTableView.m in Sources */ = {isa = PBXBuildFile; fileRef = D2B3A3A919B9CBEC00DE23B5 /* BPFormulaeTableView.m */; };
		D2B3A3AD19B9D39A00DE23B5 /* BPSelectedFormulaViewController.m in Sources */ = {isa = PBXBuildFile; fileRef = D2B3A3AC19B9D39A00DE23B5 /* BPSelectedFormulaViewController.m */; };
		D2B3A3B019B9D7FC00DE23B5 /* BPFormulaeDataSource.m in Sources */ = {isa = PBXBuildFile; fileRef = D2B3A3AF19B9D7FC00DE23B5 /* BPFormulaeDataSource.m */; };
		D2B3A3B819B9EA3500DE23B5 /* BPSideBarController.m in Sources */ = {isa = PBXBuildFile; fileRef = D2B3A3B719B9EA3500DE23B5 /* BPSideBarController.m */; };
		D2B3A3BB19B9FE4C00DE23B5 /* BPFormulaPopoverViewController.m in Sources */ = {isa = PBXBuildFile; fileRef = D2B3A3BA19B9FE4C00DE23B5 /* BPFormulaPopoverViewController.m */; };
		D2E53A4B19A6228300E05AFC /* BPFormulaOptionsWindowController.m in Sources */ = {isa = PBXBuildFile; fileRef = D2E53A4A19A6228300E05AFC /* BPFormulaOptionsWindowController.m */; };
		D2E53A5019A65BAD00E05AFC /* BPInstallationWindowController.m in Sources */ = {isa = PBXBuildFile; fileRef = D2E53A4F19A65BAD00E05AFC /* BPInstallationWindowController.m */; };
		D2F732ED19190B6D002B2512 /* BPPreferencesWindowController.m in Sources */ = {isa = PBXBuildFile; fileRef = D2F732EB19190B6D002B2512 /* BPPreferencesWindowController.m */; };
		D2F732F119190B75002B2512 /* NSString+URLValidation.m in Sources */ = {isa = PBXBuildFile; fileRef = D2F732F019190B75002B2512 /* NSString+URLValidation.m */; };
/* End PBXBuildFile section */

/* Begin PBXCopyFilesBuildPhase section */
		1570BA6018EF9B0F001C3C5C /* CopyFiles */ = {
			isa = PBXCopyFilesBuildPhase;
			buildActionMask = 2147483647;
			dstPath = "";
			dstSubfolderSpec = 10;
			files = (
				158370BA18F2472100176C9C /* PXSourceList.framework in CopyFiles */,
				15B23A2A18F4F22400714212 /* Sparkle.framework in CopyFiles */,
			);
			runOnlyForDeploymentPostprocessing = 0;
		};
/* End PBXCopyFilesBuildPhase section */

/* Begin PBXFileReference section */
		1529086A1927C05B00206767 /* .travis.yml */ = {isa = PBXFileReference; fileEncoding = 4; lastKnownFileType = text; path = .travis.yml; sourceTree = SOURCE_ROOT; };
		1536BFF618EBA92400B67C5C /* Images.xcassets */ = {isa = PBXFileReference; lastKnownFileType = folder.assetcatalog; path = Images.xcassets; sourceTree = "<group>"; };
		1540FA3418ECF66B00334A5C /* download.icns */ = {isa = PBXFileReference; lastKnownFileType = image.icns; path = download.icns; sourceTree = "<group>"; };
		1570BA3418EE0A66001C3C5C /* BPHomebrewManager.h */ = {isa = PBXFileReference; fileEncoding = 4; lastKnownFileType = sourcecode.c.h; path = BPHomebrewManager.h; sourceTree = "<group>"; };
		1570BA3518EE0A66001C3C5C /* BPHomebrewManager.m */ = {isa = PBXFileReference; fileEncoding = 4; lastKnownFileType = sourcecode.c.objc; path = BPHomebrewManager.m; sourceTree = "<group>"; };
		1570BA5418EE50BD001C3C5C /* BPFormula.h */ = {isa = PBXFileReference; fileEncoding = 4; lastKnownFileType = sourcecode.c.h; name = BPFormula.h; path = Models/BPFormula.h; sourceTree = "<group>"; };
		1570BA5518EE50BD001C3C5C /* BPFormula.m */ = {isa = PBXFileReference; fileEncoding = 4; lastKnownFileType = sourcecode.c.objc; name = BPFormula.m; path = Models/BPFormula.m; sourceTree = "<group>"; };
		158370B818F2471500176C9C /* PXSourceList.framework */ = {isa = PBXFileReference; lastKnownFileType = wrapper.framework; name = PXSourceList.framework; path = Cakebrew/Frameworks/PXSourceList.framework; sourceTree = "<group>"; };
		15B23A2818F4F21E00714212 /* Sparkle.framework */ = {isa = PBXFileReference; lastKnownFileType = wrapper.framework; name = Sparkle.framework; path = Cakebrew/Frameworks/Sparkle.framework; sourceTree = "<group>"; };
		15B23A2B18F5003600714212 /* dsa_pub.pem */ = {isa = PBXFileReference; fileEncoding = 4; lastKnownFileType = text; path = dsa_pub.pem; sourceTree = "<group>"; };
		15C34CBD19512DE100B92E36 /* BPAutoScrollTextView.h */ = {isa = PBXFileReference; fileEncoding = 4; lastKnownFileType = sourcecode.c.h; name = BPAutoScrollTextView.h; path = Views/BPAutoScrollTextView.h; sourceTree = "<group>"; };
		15C34CBE19512DE100B92E36 /* BPAutoScrollTextView.m */ = {isa = PBXFileReference; fileEncoding = 4; lastKnownFileType = sourcecode.c.objc; name = BPAutoScrollTextView.m; path = Views/BPAutoScrollTextView.m; sourceTree = "<group>"; };
		15CEFC611AB335B2005CF54A /* BPLoadingView.h */ = {isa = PBXFileReference; fileEncoding = 4; lastKnownFileType = sourcecode.c.h; name = BPLoadingView.h; path = Views/BPLoadingView.h; sourceTree = "<group>"; };
		15CEFC621AB335B2005CF54A /* BPLoadingView.m */ = {isa = PBXFileReference; fileEncoding = 4; lastKnownFileType = sourcecode.c.objc; name = BPLoadingView.m; path = Views/BPLoadingView.m; sourceTree = "<group>"; };
		15D28A101AE1BD27005C8A3E /* BPTimedDispatch.h */ = {isa = PBXFileReference; fileEncoding = 4; lastKnownFileType = sourcecode.c.h; name = BPTimedDispatch.h; path = BPTimedDispatch/BPTimedDispatch.h; sourceTree = "<group>"; };
		15D28A111AE1BD27005C8A3E /* BPTimedDispatch.m */ = {isa = PBXFileReference; fileEncoding = 4; lastKnownFileType = sourcecode.c.objc; name = BPTimedDispatch.m; path = BPTimedDispatch/BPTimedDispatch.m; sourceTree = "<group>"; };
		15D28A131AE332BC005C8A3E /* Base */ = {isa = PBXFileReference; lastKnownFileType = file.xib; name = Base; path = Base.lproj/MainMenu.xib; sourceTree = "<group>"; };
		15D28A151AE332DB005C8A3E /* Base */ = {isa = PBXFileReference; lastKnownFileType = file.xib; name = Base; path = Base.lproj/DCOAboutWindow.xib; sourceTree = "<group>"; };
		15D28A181AE332E6005C8A3E /* Base */ = {isa = PBXFileReference; lastKnownFileType = file.xib; name = Base; path = Base.lproj/BPDoctorView.xib; sourceTree = "<group>"; };
		15D28A1B1AE332EA005C8A3E /* Base */ = {isa = PBXFileReference; lastKnownFileType = file.xib; name = Base; path = Base.lproj/BPFormulaOptionsWindow.xib; sourceTree = "<group>"; };
		15D28A1E1AE332EF005C8A3E /* Base */ = {isa = PBXFileReference; lastKnownFileType = file.xib; name = Base; path = Base.lproj/BPFormulaPopoverView.xib; sourceTree = "<group>"; };
		15D28A211AE332F4005C8A3E /* Base */ = {isa = PBXFileReference; lastKnownFileType = file.xib; name = Base; path = Base.lproj/BPInstallationWindow.xib; sourceTree = "<group>"; };
		15D28A241AE332F9005C8A3E /* Base */ = {isa = PBXFileReference; lastKnownFileType = file.xib; name = Base; path = Base.lproj/BPPreferencesWindow.xib; sourceTree = "<group>"; };
		15D28A271AE332FD005C8A3E /* Base */ = {isa = PBXFileReference; lastKnownFileType = file.xib; name = Base; path = Base.lproj/BPSelectedFormula.xib; sourceTree = "<group>"; };
		15D28A2A1AE33301005C8A3E /* Base */ = {isa = PBXFileReference; lastKnownFileType = file.xib; name = Base; path = Base.lproj/BPUpdateView.xib; sourceTree = "<group>"; };
		15D28A2F1AE33453005C8A3E /* Base */ = {isa = PBXFileReference; lastKnownFileType = text.plist.strings; name = Base; path = Base.lproj/Localizable.strings; sourceTree = "<group>"; };
		15D28A311AE342BD005C8A3E /* Base */ = {isa = PBXFileReference; lastKnownFileType = text.plist.strings; name = Base; path = Base.lproj/InfoPlist.strings; sourceTree = "<group>"; };
		15D28A321AE342C6005C8A3E /* Base */ = {isa = PBXFileReference; lastKnownFileType = text.rtf; name = Base; path = Base.lproj/Credits.rtf; sourceTree = "<group>"; };
		15D2CFA118F1E71800B6D9F1 /* reload.icns */ = {isa = PBXFileReference; lastKnownFileType = image.icns; path = reload.icns; sourceTree = "<group>"; };
		15D2CFA318F1EAD200B6D9F1 /* globe.icns */ = {isa = PBXFileReference; lastKnownFileType = image.icns; path = globe.icns; sourceTree = "<group>"; };
		15D2CFA818F202B300B6D9F1 /* DCOAboutWindowController.h */ = {isa = PBXFileReference; fileEncoding = 4; lastKnownFileType = sourcecode.c.h; path = DCOAboutWindowController.h; sourceTree = "<group>"; };
		15D2CFA918F202B300B6D9F1 /* DCOAboutWindowController.m */ = {isa = PBXFileReference; fileEncoding = 4; lastKnownFileType = sourcecode.c.objc; path = DCOAboutWindowController.m; sourceTree = "<group>"; };
		15D2CFAC18F202D000B6D9F1 /* QuartzCore.framework */ = {isa = PBXFileReference; lastKnownFileType = wrapper.framework; name = QuartzCore.framework; path = System/Library/Frameworks/QuartzCore.framework; sourceTree = SDKROOT; };
		15D2CFB718F206DF00B6D9F1 /* README.md */ = {isa = PBXFileReference; fileEncoding = 4; lastKnownFileType = text; path = README.md; sourceTree = SOURCE_ROOT; };
		15D2CFB918F20A8200B6D9F1 /* LICENSE */ = {isa = PBXFileReference; fileEncoding = 4; lastKnownFileType = text; path = LICENSE; sourceTree = SOURCE_ROOT; };
		15D5BEEE18EBB3FB001DDED7 /* delete.icns */ = {isa = PBXFileReference; lastKnownFileType = image.icns; path = delete.icns; sourceTree = "<group>"; };
		15D5BEEF18EBB3FB001DDED7 /* label.icns */ = {isa = PBXFileReference; lastKnownFileType = image.icns; path = label.icns; sourceTree = "<group>"; };
		15D5BEF018EBB3FB001DDED7 /* plus.icns */ = {isa = PBXFileReference; lastKnownFileType = image.icns; path = plus.icns; sourceTree = "<group>"; };
		15D5BEF418EBB430001DDED7 /* search.icns */ = {isa = PBXFileReference; lastKnownFileType = image.icns; path = search.icns; sourceTree = "<group>"; };
		15D5BEF818EBC56E001DDED7 /* DMSplitView.h */ = {isa = PBXFileReference; fileEncoding = 4; lastKnownFileType = sourcecode.c.h; path = DMSplitView.h; sourceTree = "<group>"; };
		15D5BEF918EBC56E001DDED7 /* DMSplitView.m */ = {isa = PBXFileReference; fileEncoding = 4; lastKnownFileType = sourcecode.c.objc; path = DMSplitView.m; sourceTree = "<group>"; };
		1FE4FE54148E4CDD008EDE8B /* Cakebrew.app */ = {isa = PBXFileReference; explicitFileType = wrapper.application; includeInIndex = 0; path = Cakebrew.app; sourceTree = BUILT_PRODUCTS_DIR; };
		1FE4FE58148E4CDD008EDE8B /* Cocoa.framework */ = {isa = PBXFileReference; lastKnownFileType = wrapper.framework; name = Cocoa.framework; path = System/Library/Frameworks/Cocoa.framework; sourceTree = SDKROOT; };
		1FE4FE5B148E4CDD008EDE8B /* AppKit.framework */ = {isa = PBXFileReference; lastKnownFileType = wrapper.framework; name = AppKit.framework; path = System/Library/Frameworks/AppKit.framework; sourceTree = SDKROOT; };
		1FE4FE5C148E4CDD008EDE8B /* CoreData.framework */ = {isa = PBXFileReference; lastKnownFileType = wrapper.framework; name = CoreData.framework; path = System/Library/Frameworks/CoreData.framework; sourceTree = SDKROOT; };
		1FE4FE5D148E4CDD008EDE8B /* Foundation.framework */ = {isa = PBXFileReference; lastKnownFileType = wrapper.framework; name = Foundation.framework; path = System/Library/Frameworks/Foundation.framework; sourceTree = SDKROOT; };
		1FE4FE60148E4CDD008EDE8B /* Cakebrew-Info.plist */ = {isa = PBXFileReference; lastKnownFileType = text.plist.xml; path = "Cakebrew-Info.plist"; sourceTree = "<group>"; };
		1FE4FE64148E4CDD008EDE8B /* main.m */ = {isa = PBXFileReference; lastKnownFileType = sourcecode.c.objc; path = main.m; sourceTree = "<group>"; };
		1FE4FE66148E4CDD008EDE8B /* Cakebrew-Prefix.pch */ = {isa = PBXFileReference; lastKnownFileType = sourcecode.c.h; path = "Cakebrew-Prefix.pch"; sourceTree = "<group>"; };
		1FE4FE6A148E4CDD008EDE8B /* BPAppDelegate.h */ = {isa = PBXFileReference; lastKnownFileType = sourcecode.c.h; path = BPAppDelegate.h; sourceTree = "<group>"; };
		1FE4FE6B148E4CDD008EDE8B /* BPAppDelegate.m */ = {isa = PBXFileReference; lastKnownFileType = sourcecode.c.objc; path = BPAppDelegate.m; sourceTree = "<group>"; };
		1FE4FE75148E4D43008EDE8B /* BPHomebrewInterface.h */ = {isa = PBXFileReference; fileEncoding = 4; lastKnownFileType = sourcecode.c.h; path = BPHomebrewInterface.h; sourceTree = "<group>"; };
		1FE4FE76148E4D43008EDE8B /* BPHomebrewInterface.m */ = {isa = PBXFileReference; fileEncoding = 4; lastKnownFileType = sourcecode.c.objc; path = BPHomebrewInterface.m; sourceTree = "<group>"; };
		1FE4FE78148E5FEB008EDE8B /* BPHomebrewViewController.h */ = {isa = PBXFileReference; fileEncoding = 4; lastKnownFileType = sourcecode.c.h; path = BPHomebrewViewController.h; sourceTree = "<group>"; };
		1FE4FE79148E5FEB008EDE8B /* BPHomebrewViewController.m */ = {isa = PBXFileReference; fileEncoding = 4; lastKnownFileType = sourcecode.c.objc; path = BPHomebrewViewController.m; sourceTree = "<group>"; };
		D26F6E7D19B8608B00F616C1 /* NSFont+Appearance.h */ = {isa = PBXFileReference; fileEncoding = 4; lastKnownFileType = sourcecode.c.h; name = "NSFont+Appearance.h"; path = "../NSFont+Appearance.h"; sourceTree = "<group>"; };
		D26F6E7E19B8608B00F616C1 /* NSFont+Appearance.m */ = {isa = PBXFileReference; fileEncoding = 4; lastKnownFileType = sourcecode.c.objc; name = "NSFont+Appearance.m"; path = "../NSFont+Appearance.m"; sourceTree = "<group>"; };
		D2B3A39719B879CD00DE23B5 /* BPDoctorViewController.h */ = {isa = PBXFileReference; fileEncoding = 4; lastKnownFileType = sourcecode.c.h; path = BPDoctorViewController.h; sourceTree = "<group>"; };
		D2B3A39819B879CD00DE23B5 /* BPDoctorViewController.m */ = {isa = PBXFileReference; fileEncoding = 4; lastKnownFileType = sourcecode.c.objc; path = BPDoctorViewController.m; sourceTree = "<group>"; };
		D2B3A39919B879CD00DE23B5 /* BPUpdateViewController.h */ = {isa = PBXFileReference; fileEncoding = 4; lastKnownFileType = sourcecode.c.h; path = BPUpdateViewController.h; sourceTree = "<group>"; };
		D2B3A39A19B879CD00DE23B5 /* BPUpdateViewController.m */ = {isa = PBXFileReference; fileEncoding = 4; lastKnownFileType = sourcecode.c.objc; path = BPUpdateViewController.m; sourceTree = "<group>"; };
		D2B3A3A819B9CBEC00DE23B5 /* BPFormulaeTableView.h */ = {isa = PBXFileReference; fileEncoding = 4; lastKnownFileType = sourcecode.c.h; path = BPFormulaeTableView.h; sourceTree = "<group>"; };
		D2B3A3A919B9CBEC00DE23B5 /* BPFormulaeTableView.m */ = {isa = PBXFileReference; fileEncoding = 4; lastKnownFileType = sourcecode.c.objc; path = BPFormulaeTableView.m; sourceTree = "<group>"; };
		D2B3A3AB19B9D39A00DE23B5 /* BPSelectedFormulaViewController.h */ = {isa = PBXFileReference; fileEncoding = 4; lastKnownFileType = sourcecode.c.h; path = BPSelectedFormulaViewController.h; sourceTree = "<group>"; };
		D2B3A3AC19B9D39A00DE23B5 /* BPSelectedFormulaViewController.m */ = {isa = PBXFileReference; fileEncoding = 4; lastKnownFileType = sourcecode.c.objc; path = BPSelectedFormulaViewController.m; sourceTree = "<group>"; };
		D2B3A3AE19B9D7FC00DE23B5 /* BPFormulaeDataSource.h */ = {isa = PBXFileReference; fileEncoding = 4; lastKnownFileType = sourcecode.c.h; path = BPFormulaeDataSource.h; sourceTree = "<group>"; };
		D2B3A3AF19B9D7FC00DE23B5 /* BPFormulaeDataSource.m */ = {isa = PBXFileReference; fileEncoding = 4; lastKnownFileType = sourcecode.c.objc; path = BPFormulaeDataSource.m; sourceTree = "<group>"; };
		D2B3A3B619B9EA3500DE23B5 /* BPSideBarController.h */ = {isa = PBXFileReference; fileEncoding = 4; lastKnownFileType = sourcecode.c.h; path = BPSideBarController.h; sourceTree = "<group>"; };
		D2B3A3B719B9EA3500DE23B5 /* BPSideBarController.m */ = {isa = PBXFileReference; fileEncoding = 4; lastKnownFileType = sourcecode.c.objc; path = BPSideBarController.m; sourceTree = "<group>"; };
		D2B3A3B919B9FE4C00DE23B5 /* BPFormulaPopoverViewController.h */ = {isa = PBXFileReference; fileEncoding = 4; lastKnownFileType = sourcecode.c.h; path = BPFormulaPopoverViewController.h; sourceTree = "<group>"; };
		D2B3A3BA19B9FE4C00DE23B5 /* BPFormulaPopoverViewController.m */ = {isa = PBXFileReference; fileEncoding = 4; lastKnownFileType = sourcecode.c.objc; path = BPFormulaPopoverViewController.m; sourceTree = "<group>"; };
		D2E53A4919A6228300E05AFC /* BPFormulaOptionsWindowController.h */ = {isa = PBXFileReference; fileEncoding = 4; lastKnownFileType = sourcecode.c.h; path = BPFormulaOptionsWindowController.h; sourceTree = "<group>"; };
		D2E53A4A19A6228300E05AFC /* BPFormulaOptionsWindowController.m */ = {isa = PBXFileReference; fileEncoding = 4; lastKnownFileType = sourcecode.c.objc; path = BPFormulaOptionsWindowController.m; sourceTree = "<group>"; };
		D2E53A4E19A65BAD00E05AFC /* BPInstallationWindowController.h */ = {isa = PBXFileReference; fileEncoding = 4; lastKnownFileType = sourcecode.c.h; path = BPInstallationWindowController.h; sourceTree = "<group>"; };
		D2E53A4F19A65BAD00E05AFC /* BPInstallationWindowController.m */ = {isa = PBXFileReference; fileEncoding = 4; lastKnownFileType = sourcecode.c.objc; path = BPInstallationWindowController.m; sourceTree = "<group>"; };
		D2F732EA19190B6D002B2512 /* BPPreferencesWindowController.h */ = {isa = PBXFileReference; fileEncoding = 4; lastKnownFileType = sourcecode.c.h; path = BPPreferencesWindowController.h; sourceTree = "<group>"; };
		D2F732EB19190B6D002B2512 /* BPPreferencesWindowController.m */ = {isa = PBXFileReference; fileEncoding = 4; lastKnownFileType = sourcecode.c.objc; path = BPPreferencesWindowController.m; sourceTree = "<group>"; };
		D2F732EF19190B75002B2512 /* NSString+URLValidation.h */ = {isa = PBXFileReference; fileEncoding = 4; lastKnownFileType = sourcecode.c.h; path = "NSString+URLValidation.h"; sourceTree = "<group>"; };
		D2F732F019190B75002B2512 /* NSString+URLValidation.m */ = {isa = PBXFileReference; fileEncoding = 4; lastKnownFileType = sourcecode.c.objc; path = "NSString+URLValidation.m"; sourceTree = "<group>"; };
/* End PBXFileReference section */

/* Begin PBXFrameworksBuildPhase section */
		1FE4FE51148E4CDD008EDE8B /* Frameworks */ = {
			isa = PBXFrameworksBuildPhase;
			buildActionMask = 2147483647;
			files = (
				15D2CFAD18F202D000B6D9F1 /* QuartzCore.framework in Frameworks */,
				1FE4FE59148E4CDD008EDE8B /* Cocoa.framework in Frameworks */,
				158370B918F2471500176C9C /* PXSourceList.framework in Frameworks */,
				15B23A2918F4F21E00714212 /* Sparkle.framework in Frameworks */,
			);
			runOnlyForDeploymentPostprocessing = 0;
		};
/* End PBXFrameworksBuildPhase section */

/* Begin PBXGroup section */
		1540FA3618ED099F00334A5C /* Views */ = {
			isa = PBXGroup;
			children = (
				D2B3A3A819B9CBEC00DE23B5 /* BPFormulaeTableView.h */,
				D2B3A3A919B9CBEC00DE23B5 /* BPFormulaeTableView.m */,
				15C34CBD19512DE100B92E36 /* BPAutoScrollTextView.h */,
				15C34CBE19512DE100B92E36 /* BPAutoScrollTextView.m */,
				15CEFC611AB335B2005CF54A /* BPLoadingView.h */,
				15CEFC621AB335B2005CF54A /* BPLoadingView.m */,
			);
			name = Views;
			sourceTree = "<group>";
		};
		15A974AB1968A3C900621C35 /* View Controllers */ = {
			isa = PBXGroup;
			children = (
				15D28A191AE332E6005C8A3E /* BPDoctorView.xib */,
				D2B3A39719B879CD00DE23B5 /* BPDoctorViewController.h */,
				D2B3A39819B879CD00DE23B5 /* BPDoctorViewController.m */,
				D2B3A3AE19B9D7FC00DE23B5 /* BPFormulaeDataSource.h */,
				D2B3A3AF19B9D7FC00DE23B5 /* BPFormulaeDataSource.m */,
				15D28A1C1AE332EA005C8A3E /* BPFormulaOptionsWindow.xib */,
				D2E53A4919A6228300E05AFC /* BPFormulaOptionsWindowController.h */,
				D2E53A4A19A6228300E05AFC /* BPFormulaOptionsWindowController.m */,
				15D28A1F1AE332EF005C8A3E /* BPFormulaPopoverView.xib */,
				D2B3A3B919B9FE4C00DE23B5 /* BPFormulaPopoverViewController.h */,
				D2B3A3BA19B9FE4C00DE23B5 /* BPFormulaPopoverViewController.m */,
				1FE4FE78148E5FEB008EDE8B /* BPHomebrewViewController.h */,
				1FE4FE79148E5FEB008EDE8B /* BPHomebrewViewController.m */,
				15D28A221AE332F4005C8A3E /* BPInstallationWindow.xib */,
				D2E53A4E19A65BAD00E05AFC /* BPInstallationWindowController.h */,
				D2E53A4F19A65BAD00E05AFC /* BPInstallationWindowController.m */,
				15D28A251AE332F9005C8A3E /* BPPreferencesWindow.xib */,
				D2F732EA19190B6D002B2512 /* BPPreferencesWindowController.h */,
				D2F732EB19190B6D002B2512 /* BPPreferencesWindowController.m */,
				15D28A281AE332FD005C8A3E /* BPSelectedFormula.xib */,
				D2B3A3AB19B9D39A00DE23B5 /* BPSelectedFormulaViewController.h */,
				D2B3A3AC19B9D39A00DE23B5 /* BPSelectedFormulaViewController.m */,
				D2B3A3B619B9EA3500DE23B5 /* BPSideBarController.h */,
				D2B3A3B719B9EA3500DE23B5 /* BPSideBarController.m */,
				15D28A2B1AE33301005C8A3E /* BPUpdateView.xib */,
				D2B3A39919B879CD00DE23B5 /* BPUpdateViewController.h */,
				D2B3A39A19B879CD00DE23B5 /* BPUpdateViewController.m */,
			);
			name = "View Controllers";
			sourceTree = "<group>";
		};
		15A974AC1968A3E800621C35 /* Homebrew */ = {
			isa = PBXGroup;
			children = (
				1FE4FE75148E4D43008EDE8B /* BPHomebrewInterface.h */,
				1FE4FE76148E4D43008EDE8B /* BPHomebrewInterface.m */,
				1570BA3418EE0A66001C3C5C /* BPHomebrewManager.h */,
				1570BA3518EE0A66001C3C5C /* BPHomebrewManager.m */,
			);
			name = Homebrew;
			sourceTree = "<group>";
		};
		15D28A0F1AE1BCFE005C8A3E /* BPTimedDispatch */ = {
			isa = PBXGroup;
			children = (
				15D28A101AE1BD27005C8A3E /* BPTimedDispatch.h */,
				15D28A111AE1BD27005C8A3E /* BPTimedDispatch.m */,
			);
			name = BPTimedDispatch;
			sourceTree = "<group>";
		};
		15D2CFA618F202B300B6D9F1 /* DCOAboutWindow */ = {
			isa = PBXGroup;
			children = (
				15D28A161AE332DB005C8A3E /* DCOAboutWindow.xib */,
				15D2CFA818F202B300B6D9F1 /* DCOAboutWindowController.h */,
				15D2CFA918F202B300B6D9F1 /* DCOAboutWindowController.m */,
			);
			path = DCOAboutWindow;
			sourceTree = "<group>";
		};
		15D5BEED18EBB3D9001DDED7 /* Icons */ = {
			isa = PBXGroup;
			children = (
				15D5BEEE18EBB3FB001DDED7 /* delete.icns */,
				15D5BEEF18EBB3FB001DDED7 /* label.icns */,
				15D5BEF018EBB3FB001DDED7 /* plus.icns */,
				15D2CFA318F1EAD200B6D9F1 /* globe.icns */,
				1540FA3418ECF66B00334A5C /* download.icns */,
				15D5BEF418EBB430001DDED7 /* search.icns */,
				15D2CFA118F1E71800B6D9F1 /* reload.icns */,
			);
			path = Icons;
			sourceTree = "<group>";
		};
		15D5BEF618EBC56E001DDED7 /* Libraries */ = {
			isa = PBXGroup;
			children = (
				15D28A0F1AE1BCFE005C8A3E /* BPTimedDispatch */,
				15D2CFA618F202B300B6D9F1 /* DCOAboutWindow */,
				15D5BEF718EBC56E001DDED7 /* DMSplitView */,
			);
			path = Libraries;
			sourceTree = "<group>";
		};
		15D5BEF718EBC56E001DDED7 /* DMSplitView */ = {
			isa = PBXGroup;
			children = (
				15D5BEF818EBC56E001DDED7 /* DMSplitView.h */,
				15D5BEF918EBC56E001DDED7 /* DMSplitView.m */,
			);
			path = DMSplitView;
			sourceTree = "<group>";
		};
		15D5BEFB18EBD006001DDED7 /* Models */ = {
			isa = PBXGroup;
			children = (
				1570BA5418EE50BD001C3C5C /* BPFormula.h */,
				1570BA5518EE50BD001C3C5C /* BPFormula.m */,
			);
			name = Models;
			sourceTree = "<group>";
		};
		1FE4FE49148E4CDD008EDE8B = {
			isa = PBXGroup;
			children = (
				1FE4FE5E148E4CDD008EDE8B /* Cakebrew */,
				1FE4FE57148E4CDD008EDE8B /* Frameworks */,
				1FE4FE55148E4CDD008EDE8B /* Products */,
			);
			sourceTree = "<group>";
		};
		1FE4FE55148E4CDD008EDE8B /* Products */ = {
			isa = PBXGroup;
			children = (
				1FE4FE54148E4CDD008EDE8B /* Cakebrew.app */,
			);
			name = Products;
			sourceTree = "<group>";
		};
		1FE4FE57148E4CDD008EDE8B /* Frameworks */ = {
			isa = PBXGroup;
			children = (
				15B23A2818F4F21E00714212 /* Sparkle.framework */,
				158370B818F2471500176C9C /* PXSourceList.framework */,
				15D2CFAC18F202D000B6D9F1 /* QuartzCore.framework */,
				1FE4FE58148E4CDD008EDE8B /* Cocoa.framework */,
				1FE4FE5A148E4CDD008EDE8B /* Other Frameworks */,
			);
			name = Frameworks;
			sourceTree = "<group>";
		};
		1FE4FE5A148E4CDD008EDE8B /* Other Frameworks */ = {
			isa = PBXGroup;
			children = (
				1FE4FE5B148E4CDD008EDE8B /* AppKit.framework */,
				1FE4FE5C148E4CDD008EDE8B /* CoreData.framework */,
				1FE4FE5D148E4CDD008EDE8B /* Foundation.framework */,
			);
			name = "Other Frameworks";
			sourceTree = "<group>";
		};
		1FE4FE5E148E4CDD008EDE8B /* Cakebrew */ = {
			isa = PBXGroup;
			children = (
				1FE4FE6A148E4CDD008EDE8B /* BPAppDelegate.h */,
				1FE4FE6B148E4CDD008EDE8B /* BPAppDelegate.m */,
				1FE4FE6D148E4CDD008EDE8B /* MainMenu.xib */,
				D2F732EE19190B75002B2512 /* Categories */,
				15A974AC1968A3E800621C35 /* Homebrew */,
				15D5BEED18EBB3D9001DDED7 /* Icons */,
				1536BFF618EBA92400B67C5C /* Images.xcassets */,
				15D5BEF618EBC56E001DDED7 /* Libraries */,
				15D5BEFB18EBD006001DDED7 /* Models */,
				1FE4FE5F148E4CDD008EDE8B /* Supporting Files */,
				15A974AB1968A3C900621C35 /* View Controllers */,
				1540FA3618ED099F00334A5C /* Views */,
			);
			path = Cakebrew;
			sourceTree = "<group>";
		};
		1FE4FE5F148E4CDD008EDE8B /* Supporting Files */ = {
			isa = PBXGroup;
			children = (
				15D28A301AE33453005C8A3E /* Localizable.strings */,
				15B23A2B18F5003600714212 /* dsa_pub.pem */,
				15D2CFB918F20A8200B6D9F1 /* LICENSE */,
				15D2CFB718F206DF00B6D9F1 /* README.md */,
				1FE4FE60148E4CDD008EDE8B /* Cakebrew-Info.plist */,
				1FE4FE61148E4CDD008EDE8B /* InfoPlist.strings */,
				1FE4FE64148E4CDD008EDE8B /* main.m */,
				1FE4FE66148E4CDD008EDE8B /* Cakebrew-Prefix.pch */,
				1FE4FE67148E4CDD008EDE8B /* Credits.rtf */,
				1529086A1927C05B00206767 /* .travis.yml */,
			);
			name = "Supporting Files";
			sourceTree = "<group>";
		};
		D2F732EE19190B75002B2512 /* Categories */ = {
			isa = PBXGroup;
			children = (
				D26F6E7D19B8608B00F616C1 /* NSFont+Appearance.h */,
				D26F6E7E19B8608B00F616C1 /* NSFont+Appearance.m */,
				D2F732EF19190B75002B2512 /* NSString+URLValidation.h */,
				D2F732F019190B75002B2512 /* NSString+URLValidation.m */,
			);
			path = Categories;
			sourceTree = "<group>";
		};
/* End PBXGroup section */

/* Begin PBXNativeTarget section */
		1FE4FE53148E4CDD008EDE8B /* Cakebrew */ = {
			isa = PBXNativeTarget;
			buildConfigurationList = 1FE4FE72148E4CDD008EDE8B /* Build configuration list for PBXNativeTarget "Cakebrew" */;
			buildPhases = (
				1FE4FE50148E4CDD008EDE8B /* Sources */,
				1FE4FE51148E4CDD008EDE8B /* Frameworks */,
				1FE4FE52148E4CDD008EDE8B /* Resources */,
				1570BA6018EF9B0F001C3C5C /* CopyFiles */,
				153AD45918F4A45E000D6FB5 /* ShellScript */,
			);
			buildRules = (
			);
			dependencies = (
			);
			name = Cakebrew;
			productName = Cakebrew;
			productReference = 1FE4FE54148E4CDD008EDE8B /* Cakebrew.app */;
			productType = "com.apple.product-type.application";
		};
/* End PBXNativeTarget section */

/* Begin PBXProject section */
		1FE4FE4B148E4CDD008EDE8B /* Project object */ = {
			isa = PBXProject;
			attributes = {
				CLASSPREFIX = BP;
				LastUpgradeCheck = 0600;
				ORGANIZATIONNAME = "Bruno Philipe";
			};
			buildConfigurationList = 1FE4FE4E148E4CDD008EDE8B /* Build configuration list for PBXProject "Cakebrew" */;
			compatibilityVersion = "Xcode 3.2";
			developmentRegion = English;
			hasScannedForEncodings = 0;
			knownRegions = (
				en,
				Base,
			);
			mainGroup = 1FE4FE49148E4CDD008EDE8B;
			productRefGroup = 1FE4FE55148E4CDD008EDE8B /* Products */;
			projectDirPath = "";
			projectRoot = "";
			targets = (
				1FE4FE53148E4CDD008EDE8B /* Cakebrew */,
			);
		};
/* End PBXProject section */

/* Begin PBXResourcesBuildPhase section */
		1FE4FE52148E4CDD008EDE8B /* Resources */ = {
			isa = PBXResourcesBuildPhase;
			buildActionMask = 2147483647;
			files = (
				1529086B1927C05B00206767 /* .travis.yml in Resources */,
				15D5BEF318EBB3FB001DDED7 /* plus.icns in Resources */,
				15D28A231AE332F9005C8A3E /* BPPreferencesWindow.xib in Resources */,
				15D28A171AE332E6005C8A3E /* BPDoctorView.xib in Resources */,
				1FE4FE63148E4CDD008EDE8B /* InfoPlist.strings in Resources */,
				1FE4FE69148E4CDD008EDE8B /* Credits.rtf in Resources */,
				15D28A141AE332DB005C8A3E /* DCOAboutWindow.xib in Resources */,
				1FE4FE6F148E4CDD008EDE8B /* MainMenu.xib in Resources */,
				15D28A1D1AE332EF005C8A3E /* BPFormulaPopoverView.xib in Resources */,
				15D28A1A1AE332EA005C8A3E /* BPFormulaOptionsWindow.xib in Resources */,
				15D5BEF518EBB430001DDED7 /* search.icns in Resources */,
				15D28A261AE332FD005C8A3E /* BPSelectedFormula.xib in Resources */,
				15D2CFA218F1E71800B6D9F1 /* reload.icns in Resources */,
				15D28A2E1AE33453005C8A3E /* Localizable.strings in Resources */,
				1540FA3518ECF66B00334A5C /* download.icns in Resources */,
				15D5BEF118EBB3FB001DDED7 /* delete.icns in Resources */,
				1536BFF718EBA92400B67C5C /* Images.xcassets in Resources */,
				15D2CFA418F1EAD200B6D9F1 /* globe.icns in Resources */,
				15D2CFB818F206DF00B6D9F1 /* README.md in Resources */,
				15B23A2C18F5003600714212 /* dsa_pub.pem in Resources */,
				15D28A201AE332F4005C8A3E /* BPInstallationWindow.xib in Resources */,
				15D28A291AE33301005C8A3E /* BPUpdateView.xib in Resources */,
				15D2CFBA18F20A8200B6D9F1 /* LICENSE in Resources */,
				15D5BEF218EBB3FB001DDED7 /* label.icns in Resources */,
			);
			runOnlyForDeploymentPostprocessing = 0;
		};
/* End PBXResourcesBuildPhase section */

/* Begin PBXShellScriptBuildPhase section */
		153AD45918F4A45E000D6FB5 /* ShellScript */ = {
			isa = PBXShellScriptBuildPhase;
			buildActionMask = 12;
			files = (
			);
			inputPaths = (
			);
			outputPaths = (
			);
			runOnlyForDeploymentPostprocessing = 0;
			shellPath = /bin/sh;
			shellScript = "/bin/sh \"Cakebrew/BumpBuild.sh\" \"${PROJECT_DIR}/${INFOPLIST_FILE}\"";
		};
/* End PBXShellScriptBuildPhase section */

/* Begin PBXSourcesBuildPhase section */
		1FE4FE50148E4CDD008EDE8B /* Sources */ = {
			isa = PBXSourcesBuildPhase;
			buildActionMask = 2147483647;
			files = (
				15D28A121AE1BD27005C8A3E /* BPTimedDispatch.m in Sources */,
				D2B3A3AD19B9D39A00DE23B5 /* BPSelectedFormulaViewController.m in Sources */,
				D26F6E7F19B8608B00F616C1 /* NSFont+Appearance.m in Sources */,
				15D5BEFA18EBC56E001DDED7 /* DMSplitView.m in Sources */,
				D2B3A3B819B9EA3500DE23B5 /* BPSideBarController.m in Sources */,
				1570BA5618EE50BD001C3C5C /* BPFormula.m in Sources */,
				15CEFC631AB335B2005CF54A /* BPLoadingView.m in Sources */,
				D2B3A39C19B879CD00DE23B5 /* BPUpdateViewController.m in Sources */,
				1FE4FE65148E4CDD008EDE8B /* main.m in Sources */,
				1570BA3618EE0A66001C3C5C /* BPHomebrewManager.m in Sources */,
				1FE4FE6C148E4CDD008EDE8B /* BPAppDelegate.m in Sources */,
				1FE4FE77148E4D43008EDE8B /* BPHomebrewInterface.m in Sources */,
				D2B3A3AA19B9CBEC00DE23B5 /* BPFormulaeTableView.m in Sources */,
				D2E53A4B19A6228300E05AFC /* BPFormulaOptionsWindowController.m in Sources */,
				D2E53A5019A65BAD00E05AFC /* BPInstallationWindowController.m in Sources */,
				D2F732ED19190B6D002B2512 /* BPPreferencesWindowController.m in Sources */,
				15C34CBF19512DE100B92E36 /* BPAutoScrollTextView.m in Sources */,
				D2B3A3B019B9D7FC00DE23B5 /* BPFormulaeDataSource.m in Sources */,
				D2B3A39B19B879CD00DE23B5 /* BPDoctorViewController.m in Sources */,
				D2B3A3BB19B9FE4C00DE23B5 /* BPFormulaPopoverViewController.m in Sources */,
				D2F732F119190B75002B2512 /* NSString+URLValidation.m in Sources */,
				1FE4FE7A148E5FEB008EDE8B /* BPHomebrewViewController.m in Sources */,
				15D2CFAB18F202B300B6D9F1 /* DCOAboutWindowController.m in Sources */,
			);
			runOnlyForDeploymentPostprocessing = 0;
		};
/* End PBXSourcesBuildPhase section */

/* Begin PBXVariantGroup section */
		15D28A161AE332DB005C8A3E /* DCOAboutWindow.xib */ = {
			isa = PBXVariantGroup;
			children = (
				15D28A151AE332DB005C8A3E /* Base */,
			);
			name = DCOAboutWindow.xib;
			sourceTree = "<group>";
		};
		15D28A191AE332E6005C8A3E /* BPDoctorView.xib */ = {
			isa = PBXVariantGroup;
			children = (
				15D28A181AE332E6005C8A3E /* Base */,
			);
			name = BPDoctorView.xib;
			sourceTree = "<group>";
		};
		15D28A1C1AE332EA005C8A3E /* BPFormulaOptionsWindow.xib */ = {
			isa = PBXVariantGroup;
			children = (
				15D28A1B1AE332EA005C8A3E /* Base */,
			);
			name = BPFormulaOptionsWindow.xib;
			sourceTree = "<group>";
		};
		15D28A1F1AE332EF005C8A3E /* BPFormulaPopoverView.xib */ = {
			isa = PBXVariantGroup;
			children = (
				15D28A1E1AE332EF005C8A3E /* Base */,
			);
			name = BPFormulaPopoverView.xib;
			sourceTree = "<group>";
		};
		15D28A221AE332F4005C8A3E /* BPInstallationWindow.xib */ = {
			isa = PBXVariantGroup;
			children = (
				15D28A211AE332F4005C8A3E /* Base */,
			);
			name = BPInstallationWindow.xib;
			sourceTree = "<group>";
		};
		15D28A251AE332F9005C8A3E /* BPPreferencesWindow.xib */ = {
			isa = PBXVariantGroup;
			children = (
				15D28A241AE332F9005C8A3E /* Base */,
			);
			name = BPPreferencesWindow.xib;
			sourceTree = "<group>";
		};
		15D28A281AE332FD005C8A3E /* BPSelectedFormula.xib */ = {
			isa = PBXVariantGroup;
			children = (
				15D28A271AE332FD005C8A3E /* Base */,
			);
			name = BPSelectedFormula.xib;
			sourceTree = "<group>";
		};
		15D28A2B1AE33301005C8A3E /* BPUpdateView.xib */ = {
			isa = PBXVariantGroup;
			children = (
				15D28A2A1AE33301005C8A3E /* Base */,
			);
			name = BPUpdateView.xib;
			sourceTree = "<group>";
		};
		15D28A301AE33453005C8A3E /* Localizable.strings */ = {
			isa = PBXVariantGroup;
			children = (
				15D28A2F1AE33453005C8A3E /* Base */,
			);
			name = Localizable.strings;
			sourceTree = "<group>";
		};
		1FE4FE61148E4CDD008EDE8B /* InfoPlist.strings */ = {
			isa = PBXVariantGroup;
			children = (
				15D28A311AE342BD005C8A3E /* Base */,
			);
			name = InfoPlist.strings;
			sourceTree = "<group>";
		};
		1FE4FE67148E4CDD008EDE8B /* Credits.rtf */ = {
			isa = PBXVariantGroup;
			children = (
				15D28A321AE342C6005C8A3E /* Base */,
			);
			name = Credits.rtf;
			sourceTree = "<group>";
		};
		1FE4FE6D148E4CDD008EDE8B /* MainMenu.xib */ = {
			isa = PBXVariantGroup;
			children = (
				15D28A131AE332BC005C8A3E /* Base */,
			);
			name = MainMenu.xib;
			sourceTree = "<group>";
		};
/* End PBXVariantGroup section */

/* Begin XCBuildConfiguration section */
		1FE4FE70148E4CDD008EDE8B /* Debug */ = {
			isa = XCBuildConfiguration;
			buildSettings = {
				ALWAYS_SEARCH_USER_PATHS = NO;
				CLANG_WARN_BOOL_CONVERSION = YES;
				CLANG_WARN_CONSTANT_CONVERSION = YES;
				CLANG_WARN_EMPTY_BODY = YES;
				CLANG_WARN_ENUM_CONVERSION = YES;
				CLANG_WARN_INT_CONVERSION = YES;
				CLANG_WARN_UNREACHABLE_CODE = YES;
				CLANG_WARN__DUPLICATE_METHOD_MATCH = YES;
				COPY_PHASE_STRIP = NO;
				ENABLE_STRICT_OBJC_MSGSEND = YES;
				GCC_C_LANGUAGE_STANDARD = gnu99;
				GCC_DYNAMIC_NO_PIC = NO;
				GCC_ENABLE_OBJC_EXCEPTIONS = YES;
				GCC_OPTIMIZATION_LEVEL = 0;
				GCC_PREPROCESSOR_DEFINITIONS = (
					"DEBUG=1",
					"$(inherited)",
				);
				GCC_SYMBOLS_PRIVATE_EXTERN = NO;
				GCC_VERSION = com.apple.compilers.llvm.clang.1_0;
				GCC_WARN_64_TO_32_BIT_CONVERSION = YES;
				GCC_WARN_ABOUT_MISSING_PROTOTYPES = YES;
				GCC_WARN_ABOUT_RETURN_TYPE = YES;
				GCC_WARN_UNDECLARED_SELECTOR = YES;
				GCC_WARN_UNINITIALIZED_AUTOS = YES;
				GCC_WARN_UNUSED_FUNCTION = YES;
				GCC_WARN_UNUSED_VARIABLE = YES;
				MACOSX_DEPLOYMENT_TARGET = 10.8;
				ONLY_ACTIVE_ARCH = YES;
				SDKROOT = macosx;
			};
			name = Debug;
		};
		1FE4FE71148E4CDD008EDE8B /* Release */ = {
			isa = XCBuildConfiguration;
			buildSettings = {
				ALWAYS_SEARCH_USER_PATHS = NO;
				CLANG_WARN_BOOL_CONVERSION = YES;
				CLANG_WARN_CONSTANT_CONVERSION = YES;
				CLANG_WARN_EMPTY_BODY = YES;
				CLANG_WARN_ENUM_CONVERSION = YES;
				CLANG_WARN_INT_CONVERSION = YES;
				CLANG_WARN_UNREACHABLE_CODE = YES;
				CLANG_WARN__DUPLICATE_METHOD_MATCH = YES;
				COPY_PHASE_STRIP = YES;
				DEBUG_INFORMATION_FORMAT = "dwarf-with-dsym";
				ENABLE_STRICT_OBJC_MSGSEND = YES;
				GCC_C_LANGUAGE_STANDARD = gnu99;
				GCC_ENABLE_OBJC_EXCEPTIONS = YES;
				GCC_VERSION = com.apple.compilers.llvm.clang.1_0;
				GCC_WARN_64_TO_32_BIT_CONVERSION = YES;
				GCC_WARN_ABOUT_MISSING_PROTOTYPES = YES;
				GCC_WARN_ABOUT_RETURN_TYPE = YES;
				GCC_WARN_UNDECLARED_SELECTOR = YES;
				GCC_WARN_UNINITIALIZED_AUTOS = YES;
				GCC_WARN_UNUSED_FUNCTION = YES;
				GCC_WARN_UNUSED_VARIABLE = YES;
				MACOSX_DEPLOYMENT_TARGET = 10.8;
				SDKROOT = macosx;
			};
			name = Release;
		};
		1FE4FE73148E4CDD008EDE8B /* Debug */ = {
			isa = XCBuildConfiguration;
			buildSettings = {
				ASSETCATALOG_COMPILER_APPICON_NAME = AppIcon;
				CLANG_ENABLE_OBJC_ARC = YES;
				COMBINE_HIDPI_IMAGES = YES;
				FRAMEWORK_SEARCH_PATHS = (
					"$(inherited)",
					"$(PROJECT_DIR)/Cakebrew/Frameworks",
				);
				GCC_PRECOMPILE_PREFIX_HEADER = YES;
				GCC_PREFIX_HEADER = "Cakebrew/Cakebrew-Prefix.pch";
				GCC_PREPROCESSOR_DEFINITIONS = "$(inherited)";
				INFOPLIST_FILE = "Cakebrew/Cakebrew-Info.plist";
				MACOSX_DEPLOYMENT_TARGET = 10.8;
				PRODUCT_NAME = Cakebrew;
				WRAPPER_EXTENSION = app;
			};
			name = Debug;
		};
		1FE4FE74148E4CDD008EDE8B /* Release */ = {
			isa = XCBuildConfiguration;
			buildSettings = {
				ASSETCATALOG_COMPILER_APPICON_NAME = AppIcon;
				CLANG_ENABLE_OBJC_ARC = YES;
				COMBINE_HIDPI_IMAGES = YES;
				FRAMEWORK_SEARCH_PATHS = (
					"$(inherited)",
					"$(PROJECT_DIR)/Cakebrew/Frameworks",
				);
				GCC_PRECOMPILE_PREFIX_HEADER = YES;
				GCC_PREFIX_HEADER = "Cakebrew/Cakebrew-Prefix.pch";
				INFOPLIST_FILE = "Cakebrew/Cakebrew-Info.plist";
				MACOSX_DEPLOYMENT_TARGET = 10.8;
				PRODUCT_NAME = Cakebrew;
				WRAPPER_EXTENSION = app;
			};
			name = Release;
		};
/* End XCBuildConfiguration section */

/* Begin XCConfigurationList section */
		1FE4FE4E148E4CDD008EDE8B /* Build configuration list for PBXProject "Cakebrew" */ = {
			isa = XCConfigurationList;
			buildConfigurations = (
				1FE4FE70148E4CDD008EDE8B /* Debug */,
				1FE4FE71148E4CDD008EDE8B /* Release */,
			);
			defaultConfigurationIsVisible = 0;
			defaultConfigurationName = Release;
		};
		1FE4FE72148E4CDD008EDE8B /* Build configuration list for PBXNativeTarget "Cakebrew" */ = {
			isa = XCConfigurationList;
			buildConfigurations = (
				1FE4FE73148E4CDD008EDE8B /* Debug */,
				1FE4FE74148E4CDD008EDE8B /* Release */,
			);
			defaultConfigurationIsVisible = 0;
			defaultConfigurationName = Release;
		};
/* End XCConfigurationList section */
	};
	rootObject = 1FE4FE4B148E4CDD008EDE8B /* Project object */;
}
