// !$*UTF8*$!
{
	archiveVersion = 1;
	classes = {
	};
	objectVersion = 46;
	objects = {

/* Begin PBXBuildFile section */
		1FE4FE59148E4CDD008EDE8B /* Cocoa.framework in Frameworks */ = {isa = PBXBuildFile; fileRef = 1FE4FE58148E4CDD008EDE8B /* Cocoa.framework */; };
		1FE4FE63148E4CDD008EDE8B /* InfoPlist.strings in Resources */ = {isa = PBXBuildFile; fileRef = 1FE4FE61148E4CDD008EDE8B /* InfoPlist.strings */; };
		1FE4FE65148E4CDD008EDE8B /* main.m in Sources */ = {isa = PBXBuildFile; fileRef = 1FE4FE64148E4CDD008EDE8B /* main.m */; };
		1FE4FE69148E4CDD008EDE8B /* Credits.rtf in Resources */ = {isa = PBXBuildFile; fileRef = 1FE4FE67148E4CDD008EDE8B /* Credits.rtf */; };
		1FE4FE6C148E4CDD008EDE8B /* AppDelegate.m in Sources */ = {isa = PBXBuildFile; fileRef = 1FE4FE6B148E4CDD008EDE8B /* AppDelegate.m */; };
		1FE4FE6F148E4CDD008EDE8B /* MainMenu.xib in Resources */ = {isa = PBXBuildFile; fileRef = 1FE4FE6D148E4CDD008EDE8B /* MainMenu.xib */; };
		1FE4FE77148E4D43008EDE8B /* BrewInterface.m in Sources */ = {isa = PBXBuildFile; fileRef = 1FE4FE76148E4D43008EDE8B /* BrewInterface.m */; };
		1FE4FE7A148E5FEB008EDE8B /* HomebrewController.m in Sources */ = {isa = PBXBuildFile; fileRef = 1FE4FE79148E5FEB008EDE8B /* HomebrewController.m */; };
		1FE4FEB8148F94F1008EDE8B /* Revive-Web-Add.png in Resources */ = {isa = PBXBuildFile; fileRef = 1FE4FEB6148F94F1008EDE8B /* Revive-Web-Add.png */; };
		1FE4FEB9148F94F1008EDE8B /* Revive-Web-Delete.png in Resources */ = {isa = PBXBuildFile; fileRef = 1FE4FEB7148F94F1008EDE8B /* Revive-Web-Delete.png */; };
		1FE4FEBB148F9605008EDE8B /* Revive-Web-Refresh.png in Resources */ = {isa = PBXBuildFile; fileRef = 1FE4FEBA148F9605008EDE8B /* Revive-Web-Refresh.png */; };
		1FE4FEBD148F9730008EDE8B /* Revive-Web-Magnify-Glass.png in Resources */ = {isa = PBXBuildFile; fileRef = 1FE4FEBC148F9730008EDE8B /* Revive-Web-Magnify-Glass.png */; };
		1FE4FECA1490B067008EDE8B /* HomebrewInstallController.m in Sources */ = {isa = PBXBuildFile; fileRef = 1FE4FEC91490B066008EDE8B /* HomebrewInstallController.m */; };
		1FE4FF03149249CF008EDE8B /* Download.png in Resources */ = {isa = PBXBuildFile; fileRef = 1FE4FEFE149249CD008EDE8B /* Download.png */; };
		1FE4FF04149249CF008EDE8B /* Info.png in Resources */ = {isa = PBXBuildFile; fileRef = 1FE4FEFF149249CE008EDE8B /* Info.png */; };
		1FE4FF05149249CF008EDE8B /* Install.png in Resources */ = {isa = PBXBuildFile; fileRef = 1FE4FF00149249CE008EDE8B /* Install.png */; };
		1FE4FF06149249CF008EDE8B /* Refresh.png in Resources */ = {isa = PBXBuildFile; fileRef = 1FE4FF01149249CF008EDE8B /* Refresh.png */; };
		1FE4FF07149249CF008EDE8B /* Uninstall.png in Resources */ = {isa = PBXBuildFile; fileRef = 1FE4FF02149249CF008EDE8B /* Uninstall.png */; };
/* End PBXBuildFile section */

/* Begin PBXFileReference section */
		1FE4FE54148E4CDD008EDE8B /* HomebrewGUI.app */ = {isa = PBXFileReference; explicitFileType = wrapper.application; includeInIndex = 0; path = HomebrewGUI.app; sourceTree = BUILT_PRODUCTS_DIR; };
		1FE4FE58148E4CDD008EDE8B /* Cocoa.framework */ = {isa = PBXFileReference; lastKnownFileType = wrapper.framework; name = Cocoa.framework; path = System/Library/Frameworks/Cocoa.framework; sourceTree = SDKROOT; };
		1FE4FE5B148E4CDD008EDE8B /* AppKit.framework */ = {isa = PBXFileReference; lastKnownFileType = wrapper.framework; name = AppKit.framework; path = System/Library/Frameworks/AppKit.framework; sourceTree = SDKROOT; };
		1FE4FE5C148E4CDD008EDE8B /* CoreData.framework */ = {isa = PBXFileReference; lastKnownFileType = wrapper.framework; name = CoreData.framework; path = System/Library/Frameworks/CoreData.framework; sourceTree = SDKROOT; };
		1FE4FE5D148E4CDD008EDE8B /* Foundation.framework */ = {isa = PBXFileReference; lastKnownFileType = wrapper.framework; name = Foundation.framework; path = System/Library/Frameworks/Foundation.framework; sourceTree = SDKROOT; };
		1FE4FE60148E4CDD008EDE8B /* HomebrewGUI-Info.plist */ = {isa = PBXFileReference; lastKnownFileType = text.plist.xml; path = "HomebrewGUI-Info.plist"; sourceTree = "<group>"; };
		1FE4FE62148E4CDD008EDE8B /* en */ = {isa = PBXFileReference; lastKnownFileType = text.plist.strings; name = en; path = en.lproj/InfoPlist.strings; sourceTree = "<group>"; };
		1FE4FE64148E4CDD008EDE8B /* main.m */ = {isa = PBXFileReference; lastKnownFileType = sourcecode.c.objc; path = main.m; sourceTree = "<group>"; };
		1FE4FE66148E4CDD008EDE8B /* HomebrewGUI-Prefix.pch */ = {isa = PBXFileReference; lastKnownFileType = sourcecode.c.h; path = "HomebrewGUI-Prefix.pch"; sourceTree = "<group>"; };
		1FE4FE68148E4CDD008EDE8B /* en */ = {isa = PBXFileReference; lastKnownFileType = text.rtf; name = en; path = en.lproj/Credits.rtf; sourceTree = "<group>"; };
		1FE4FE6A148E4CDD008EDE8B /* AppDelegate.h */ = {isa = PBXFileReference; lastKnownFileType = sourcecode.c.h; path = AppDelegate.h; sourceTree = "<group>"; };
		1FE4FE6B148E4CDD008EDE8B /* AppDelegate.m */ = {isa = PBXFileReference; lastKnownFileType = sourcecode.c.objc; path = AppDelegate.m; sourceTree = "<group>"; };
		1FE4FE6E148E4CDD008EDE8B /* en */ = {isa = PBXFileReference; lastKnownFileType = file.xib; name = en; path = en.lproj/MainMenu.xib; sourceTree = "<group>"; };
		1FE4FE75148E4D43008EDE8B /* BrewInterface.h */ = {isa = PBXFileReference; fileEncoding = 4; lastKnownFileType = sourcecode.c.h; path = BrewInterface.h; sourceTree = "<group>"; };
		1FE4FE76148E4D43008EDE8B /* BrewInterface.m */ = {isa = PBXFileReference; fileEncoding = 4; lastKnownFileType = sourcecode.c.objc; path = BrewInterface.m; sourceTree = "<group>"; };
		1FE4FE78148E5FEB008EDE8B /* HomebrewController.h */ = {isa = PBXFileReference; fileEncoding = 4; lastKnownFileType = sourcecode.c.h; path = HomebrewController.h; sourceTree = "<group>"; };
		1FE4FE79148E5FEB008EDE8B /* HomebrewController.m */ = {isa = PBXFileReference; fileEncoding = 4; lastKnownFileType = sourcecode.c.objc; path = HomebrewController.m; sourceTree = "<group>"; };
		1FE4FEB6148F94F1008EDE8B /* Revive-Web-Add.png */ = {isa = PBXFileReference; lastKnownFileType = image.png; path = "Revive-Web-Add.png"; sourceTree = "<group>"; };
		1FE4FEB7148F94F1008EDE8B /* Revive-Web-Delete.png */ = {isa = PBXFileReference; lastKnownFileType = image.png; path = "Revive-Web-Delete.png"; sourceTree = "<group>"; };
		1FE4FEBA148F9605008EDE8B /* Revive-Web-Refresh.png */ = {isa = PBXFileReference; lastKnownFileType = image.png; path = "Revive-Web-Refresh.png"; sourceTree = "<group>"; };
		1FE4FEBC148F9730008EDE8B /* Revive-Web-Magnify-Glass.png */ = {isa = PBXFileReference; lastKnownFileType = image.png; path = "Revive-Web-Magnify-Glass.png"; sourceTree = "<group>"; };
		1FE4FEC81490B066008EDE8B /* HomebrewInstallController.h */ = {isa = PBXFileReference; fileEncoding = 4; lastKnownFileType = sourcecode.c.h; path = HomebrewInstallController.h; sourceTree = "<group>"; };
		1FE4FEC91490B066008EDE8B /* HomebrewInstallController.m */ = {isa = PBXFileReference; fileEncoding = 4; lastKnownFileType = sourcecode.c.objc; path = HomebrewInstallController.m; sourceTree = "<group>"; };
		1FE4FEFE149249CD008EDE8B /* Download.png */ = {isa = PBXFileReference; lastKnownFileType = image.png; path = Download.png; sourceTree = "<group>"; };
		1FE4FEFF149249CE008EDE8B /* Info.png */ = {isa = PBXFileReference; lastKnownFileType = image.png; path = Info.png; sourceTree = "<group>"; };
		1FE4FF00149249CE008EDE8B /* Install.png */ = {isa = PBXFileReference; lastKnownFileType = image.png; path = Install.png; sourceTree = "<group>"; };
		1FE4FF01149249CF008EDE8B /* Refresh.png */ = {isa = PBXFileReference; lastKnownFileType = image.png; path = Refresh.png; sourceTree = "<group>"; };
		1FE4FF02149249CF008EDE8B /* Uninstall.png */ = {isa = PBXFileReference; lastKnownFileType = image.png; path = Uninstall.png; sourceTree = "<group>"; };
/* End PBXFileReference section */

/* Begin PBXFrameworksBuildPhase section */
		1FE4FE51148E4CDD008EDE8B /* Frameworks */ = {
			isa = PBXFrameworksBuildPhase;
			buildActionMask = 2147483647;
			files = (
				1FE4FE59148E4CDD008EDE8B /* Cocoa.framework in Frameworks */,
			);
			runOnlyForDeploymentPostprocessing = 0;
		};
/* End PBXFrameworksBuildPhase section */

/* Begin PBXGroup section */
		1FE4FE49148E4CDD008EDE8B = {
			isa = PBXGroup;
			children = (
				1FE4FE5E148E4CDD008EDE8B /* HomebrewGUI */,
				1FE4FE57148E4CDD008EDE8B /* Frameworks */,
				1FE4FE55148E4CDD008EDE8B /* Products */,
			);
			sourceTree = "<group>";
		};
		1FE4FE55148E4CDD008EDE8B /* Products */ = {
			isa = PBXGroup;
			children = (
				1FE4FE54148E4CDD008EDE8B /* HomebrewGUI.app */,
			);
			name = Products;
			sourceTree = "<group>";
		};
		1FE4FE57148E4CDD008EDE8B /* Frameworks */ = {
			isa = PBXGroup;
			children = (
				1FE4FE58148E4CDD008EDE8B /* Cocoa.framework */,
				1FE4FE5A148E4CDD008EDE8B /* Other Frameworks */,
			);
			name = Frameworks;
			sourceTree = "<group>";
		};
		1FE4FE5A148E4CDD008EDE8B /* Other Frameworks */ = {
			isa = PBXGroup;
			children = (
				1FE4FE5B148E4CDD008EDE8B /* AppKit.framework */,
				1FE4FE5C148E4CDD008EDE8B /* CoreData.framework */,
				1FE4FE5D148E4CDD008EDE8B /* Foundation.framework */,
			);
			name = "Other Frameworks";
			sourceTree = "<group>";
		};
		1FE4FE5E148E4CDD008EDE8B /* HomebrewGUI */ = {
			isa = PBXGroup;
			children = (
				1FE4FE6A148E4CDD008EDE8B /* AppDelegate.h */,
				1FE4FE6B148E4CDD008EDE8B /* AppDelegate.m */,
				1FE4FE6D148E4CDD008EDE8B /* MainMenu.xib */,
				1FE4FEFE149249CD008EDE8B /* Download.png */,
				1FE4FEFF149249CE008EDE8B /* Info.png */,
				1FE4FF00149249CE008EDE8B /* Install.png */,
				1FE4FF01149249CF008EDE8B /* Refresh.png */,
				1FE4FF02149249CF008EDE8B /* Uninstall.png */,
				1FE4FE5F148E4CDD008EDE8B /* Supporting Files */,
				1FE4FE75148E4D43008EDE8B /* BrewInterface.h */,
				1FE4FE76148E4D43008EDE8B /* BrewInterface.m */,
				1FE4FE78148E5FEB008EDE8B /* HomebrewController.h */,
				1FE4FE79148E5FEB008EDE8B /* HomebrewController.m */,
				1FE4FEC81490B066008EDE8B /* HomebrewInstallController.h */,
				1FE4FEC91490B066008EDE8B /* HomebrewInstallController.m */,
			);
			path = HomebrewGUI;
			sourceTree = "<group>";
		};
		1FE4FE5F148E4CDD008EDE8B /* Supporting Files */ = {
			isa = PBXGroup;
			children = (
				1FE4FEB6148F94F1008EDE8B /* Revive-Web-Add.png */,
				1FE4FEB7148F94F1008EDE8B /* Revive-Web-Delete.png */,
				1FE4FEBA148F9605008EDE8B /* Revive-Web-Refresh.png */,
				1FE4FEBC148F9730008EDE8B /* Revive-Web-Magnify-Glass.png */,
				1FE4FE60148E4CDD008EDE8B /* HomebrewGUI-Info.plist */,
				1FE4FE61148E4CDD008EDE8B /* InfoPlist.strings */,
				1FE4FE64148E4CDD008EDE8B /* main.m */,
				1FE4FE66148E4CDD008EDE8B /* HomebrewGUI-Prefix.pch */,
				1FE4FE67148E4CDD008EDE8B /* Credits.rtf */,
			);
			name = "Supporting Files";
			sourceTree = "<group>";
		};
/* End PBXGroup section */

/* Begin PBXNativeTarget section */
		1FE4FE53148E4CDD008EDE8B /* HomebrewGUI */ = {
			isa = PBXNativeTarget;
			buildConfigurationList = 1FE4FE72148E4CDD008EDE8B /* Build configuration list for PBXNativeTarget "HomebrewGUI" */;
			buildPhases = (
				1FE4FE50148E4CDD008EDE8B /* Sources */,
				1FE4FE51148E4CDD008EDE8B /* Frameworks */,
				1FE4FE52148E4CDD008EDE8B /* Resources */,
			);
			buildRules = (
			);
			dependencies = (
			);
			name = HomebrewGUI;
			productName = HomebrewGUI;
			productReference = 1FE4FE54148E4CDD008EDE8B /* HomebrewGUI.app */;
			productType = "com.apple.product-type.application";
		};
/* End PBXNativeTarget section */

/* Begin PBXProject section */
		1FE4FE4B148E4CDD008EDE8B /* Project object */ = {
			isa = PBXProject;
			attributes = {
				LastUpgradeCheck = 0420;
			};
			buildConfigurationList = 1FE4FE4E148E4CDD008EDE8B /* Build configuration list for PBXProject "HomebrewGUI" */;
			compatibilityVersion = "Xcode 3.2";
			developmentRegion = English;
			hasScannedForEncodings = 0;
			knownRegions = (
				en,
			);
			mainGroup = 1FE4FE49148E4CDD008EDE8B;
			productRefGroup = 1FE4FE55148E4CDD008EDE8B /* Products */;
			projectDirPath = "";
			projectRoot = "";
			targets = (
				1FE4FE53148E4CDD008EDE8B /* HomebrewGUI */,
			);
		};
/* End PBXProject section */

/* Begin PBXResourcesBuildPhase section */
		1FE4FE52148E4CDD008EDE8B /* Resources */ = {
			isa = PBXResourcesBuildPhase;
			buildActionMask = 2147483647;
			files = (
				1FE4FE63148E4CDD008EDE8B /* InfoPlist.strings in Resources */,
				1FE4FE69148E4CDD008EDE8B /* Credits.rtf in Resources */,
				1FE4FE6F148E4CDD008EDE8B /* MainMenu.xib in Resources */,
				1FE4FEB8148F94F1008EDE8B /* Revive-Web-Add.png in Resources */,
				1FE4FEB9148F94F1008EDE8B /* Revive-Web-Delete.png in Resources */,
				1FE4FEBB148F9605008EDE8B /* Revive-Web-Refresh.png in Resources */,
				1FE4FEBD148F9730008EDE8B /* Revive-Web-Magnify-Glass.png in Resources */,
				1FE4FF03149249CF008EDE8B /* Download.png in Resources */,
				1FE4FF04149249CF008EDE8B /* Info.png in Resources */,
				1FE4FF05149249CF008EDE8B /* Install.png in Resources */,
				1FE4FF06149249CF008EDE8B /* Refresh.png in Resources */,
				1FE4FF07149249CF008EDE8B /* Uninstall.png in Resources */,
			);
			runOnlyForDeploymentPostprocessing = 0;
		};
/* End PBXResourcesBuildPhase section */

/* Begin PBXSourcesBuildPhase section */
		1FE4FE50148E4CDD008EDE8B /* Sources */ = {
			isa = PBXSourcesBuildPhase;
			buildActionMask = 2147483647;
			files = (
				1FE4FE65148E4CDD008EDE8B /* main.m in Sources */,
				1FE4FE6C148E4CDD008EDE8B /* AppDelegate.m in Sources */,
				1FE4FE77148E4D43008EDE8B /* BrewInterface.m in Sources */,
				1FE4FE7A148E5FEB008EDE8B /* HomebrewController.m in Sources */,
				1FE4FECA1490B067008EDE8B /* HomebrewInstallController.m in Sources */,
			);
			runOnlyForDeploymentPostprocessing = 0;
		};
/* End PBXSourcesBuildPhase section */

/* Begin PBXVariantGroup section */
		1FE4FE61148E4CDD008EDE8B /* InfoPlist.strings */ = {
			isa = PBXVariantGroup;
			children = (
				1FE4FE62148E4CDD008EDE8B /* en */,
			);
			name = InfoPlist.strings;
			sourceTree = "<group>";
		};
		1FE4FE67148E4CDD008EDE8B /* Credits.rtf */ = {
			isa = PBXVariantGroup;
			children = (
				1FE4FE68148E4CDD008EDE8B /* en */,
			);
			name = Credits.rtf;
			sourceTree = "<group>";
		};
		1FE4FE6D148E4CDD008EDE8B /* MainMenu.xib */ = {
			isa = PBXVariantGroup;
			children = (
				1FE4FE6E148E4CDD008EDE8B /* en */,
			);
			name = MainMenu.xib;
			sourceTree = "<group>";
		};
/* End PBXVariantGroup section */

/* Begin XCBuildConfiguration section */
		1FE4FE70148E4CDD008EDE8B /* Debug */ = {
			isa = XCBuildConfiguration;
			buildSettings = {
				ALWAYS_SEARCH_USER_PATHS = NO;
				ARCHS = "$(ARCHS_STANDARD_64_BIT)";
				COPY_PHASE_STRIP = NO;
				GCC_C_LANGUAGE_STANDARD = gnu99;
				GCC_DYNAMIC_NO_PIC = NO;
				GCC_ENABLE_OBJC_EXCEPTIONS = YES;
				GCC_OPTIMIZATION_LEVEL = 0;
				GCC_PREPROCESSOR_DEFINITIONS = (
					"DEBUG=1",
					"$(inherited)",
				);
				GCC_SYMBOLS_PRIVATE_EXTERN = NO;
				GCC_VERSION = com.apple.compilers.llvm.clang.1_0;
				GCC_WARN_64_TO_32_BIT_CONVERSION = YES;
				GCC_WARN_ABOUT_MISSING_PROTOTYPES = YES;
				GCC_WARN_ABOUT_RETURN_TYPE = YES;
				GCC_WARN_UNUSED_VARIABLE = YES;
				MACOSX_DEPLOYMENT_TARGET = 10.7;
				ONLY_ACTIVE_ARCH = YES;
				SDKROOT = macosx;
			};
			name = Debug;
		};
		1FE4FE71148E4CDD008EDE8B /* Release */ = {
			isa = XCBuildConfiguration;
			buildSettings = {
				ALWAYS_SEARCH_USER_PATHS = NO;
				ARCHS = "$(ARCHS_STANDARD_64_BIT)";
				COPY_PHASE_STRIP = YES;
				DEBUG_INFORMATION_FORMAT = "dwarf-with-dsym";
				GCC_C_LANGUAGE_STANDARD = gnu99;
				GCC_ENABLE_OBJC_EXCEPTIONS = YES;
				GCC_VERSION = com.apple.compilers.llvm.clang.1_0;
				GCC_WARN_64_TO_32_BIT_CONVERSION = YES;
				GCC_WARN_ABOUT_MISSING_PROTOTYPES = YES;
				GCC_WARN_ABOUT_RETURN_TYPE = YES;
				GCC_WARN_UNUSED_VARIABLE = YES;
				MACOSX_DEPLOYMENT_TARGET = 10.7;
				SDKROOT = macosx;
			};
			name = Release;
		};
		1FE4FE73148E4CDD008EDE8B /* Debug */ = {
			isa = XCBuildConfiguration;
			buildSettings = {
				GCC_PRECOMPILE_PREFIX_HEADER = YES;
				GCC_PREFIX_HEADER = "HomebrewGUI/HomebrewGUI-Prefix.pch";
				INFOPLIST_FILE = "HomebrewGUI/HomebrewGUI-Info.plist";
				PRODUCT_NAME = "$(TARGET_NAME)";
				WRAPPER_EXTENSION = app;
			};
			name = Debug;
		};
		1FE4FE74148E4CDD008EDE8B /* Release */ = {
			isa = XCBuildConfiguration;
			buildSettings = {
				GCC_PRECOMPILE_PREFIX_HEADER = YES;
				GCC_PREFIX_HEADER = "HomebrewGUI/HomebrewGUI-Prefix.pch";
				INFOPLIST_FILE = "HomebrewGUI/HomebrewGUI-Info.plist";
				PRODUCT_NAME = "$(TARGET_NAME)";
				WRAPPER_EXTENSION = app;
			};
			name = Release;
		};
/* End XCBuildConfiguration section */

/* Begin XCConfigurationList section */
		1FE4FE4E148E4CDD008EDE8B /* Build configuration list for PBXProject "HomebrewGUI" */ = {
			isa = XCConfigurationList;
			buildConfigurations = (
				1FE4FE70148E4CDD008EDE8B /* Debug */,
				1FE4FE71148E4CDD008EDE8B /* Release */,
			);
			defaultConfigurationIsVisible = 0;
			defaultConfigurationName = Release;
		};
		1FE4FE72148E4CDD008EDE8B /* Build configuration list for PBXNativeTarget "HomebrewGUI" */ = {
			isa = XCConfigurationList;
			buildConfigurations = (
				1FE4FE73148E4CDD008EDE8B /* Debug */,
				1FE4FE74148E4CDD008EDE8B /* Release */,
			);
			defaultConfigurationIsVisible = 0;
		};
/* End XCConfigurationList section */
	};
	rootObject = 1FE4FE4B148E4CDD008EDE8B /* Project object */;
}
